// !$*UTF8*$!
{
	archiveVersion = 1;
	classes = {
	};
	objectVersion = 56;
	objects = {

/* Begin PBXBuildFile section */
		636D06552A372F35002BE8A7 /* AppDelegate.swift in Sources */ = {isa = PBXBuildFile; fileRef = 636D06542A372F35002BE8A7 /* AppDelegate.swift */; };
		636D065E2A372F36002BE8A7 /* Assets.xcassets in Resources */ = {isa = PBXBuildFile; fileRef = 636D065D2A372F36002BE8A7 /* Assets.xcassets */; };
		636D06612A372F36002BE8A7 /* LaunchScreen.storyboard in Resources */ = {isa = PBXBuildFile; fileRef = 636D065F2A372F36002BE8A7 /* LaunchScreen.storyboard */; };
		636D066C2A372F36002BE8A7 /* TrendingMoviesTests.swift in Sources */ = {isa = PBXBuildFile; fileRef = 636D066B2A372F36002BE8A7 /* TrendingMoviesTests.swift */; };
		636D06762A372F36002BE8A7 /* TrendingMoviesUITests.swift in Sources */ = {isa = PBXBuildFile; fileRef = 636D06752A372F36002BE8A7 /* TrendingMoviesUITests.swift */; };
		636D06782A372F36002BE8A7 /* TrendingMoviesUITestsLaunchTests.swift in Sources */ = {isa = PBXBuildFile; fileRef = 636D06772A372F36002BE8A7 /* TrendingMoviesUITestsLaunchTests.swift */; };
		636D06872A373088002BE8A7 /* MainViewController.swift in Sources */ = {isa = PBXBuildFile; fileRef = 636D06852A373088002BE8A7 /* MainViewController.swift */; };
		636D06882A373088002BE8A7 /* MainViewController.xib in Resources */ = {isa = PBXBuildFile; fileRef = 636D06862A373088002BE8A7 /* MainViewController.xib */; };
		636D06922A3740B8002BE8A7 /* MainViewController+TableView.swift in Sources */ = {isa = PBXBuildFile; fileRef = 636D06912A3740B8002BE8A7 /* MainViewController+TableView.swift */; };
		636D06942A3741DF002BE8A7 /* MainViewModel.swift in Sources */ = {isa = PBXBuildFile; fileRef = 636D06932A3741DF002BE8A7 /* MainViewModel.swift */; };
		636D06962A374638002BE8A7 /* NetworkConstants.swift in Sources */ = {isa = PBXBuildFile; fileRef = 636D06952A374638002BE8A7 /* NetworkConstants.swift */; };
		636D06982A37474B002BE8A7 /* APICaller.swift in Sources */ = {isa = PBXBuildFile; fileRef = 636D06972A37474B002BE8A7 /* APICaller.swift */; };
		636D069A2A37478D002BE8A7 /* MovieModel.swift in Sources */ = {isa = PBXBuildFile; fileRef = 636D06992A37478D002BE8A7 /* MovieModel.swift */; };
		636D069C2A374EA7002BE8A7 /* Observable.swift in Sources */ = {isa = PBXBuildFile; fileRef = 636D069B2A374EA7002BE8A7 /* Observable.swift */; };
/* End PBXBuildFile section */

/* Begin PBXContainerItemProxy section */
		636D06682A372F36002BE8A7 /* PBXContainerItemProxy */ = {
			isa = PBXContainerItemProxy;
			containerPortal = 636D06492A372F35002BE8A7 /* Project object */;
			proxyType = 1;
			remoteGlobalIDString = 636D06502A372F35002BE8A7;
			remoteInfo = TrendingMovies;
		};
		636D06722A372F36002BE8A7 /* PBXContainerItemProxy */ = {
			isa = PBXContainerItemProxy;
			containerPortal = 636D06492A372F35002BE8A7 /* Project object */;
			proxyType = 1;
			remoteGlobalIDString = 636D06502A372F35002BE8A7;
			remoteInfo = TrendingMovies;
		};
/* End PBXContainerItemProxy section */

/* Begin PBXFileReference section */
		636D06512A372F35002BE8A7 /* TrendingMovies.app */ = {isa = PBXFileReference; explicitFileType = wrapper.application; includeInIndex = 0; path = TrendingMovies.app; sourceTree = BUILT_PRODUCTS_DIR; };
		636D06542A372F35002BE8A7 /* AppDelegate.swift */ = {isa = PBXFileReference; lastKnownFileType = sourcecode.swift; path = AppDelegate.swift; sourceTree = "<group>"; };
		636D065D2A372F36002BE8A7 /* Assets.xcassets */ = {isa = PBXFileReference; lastKnownFileType = folder.assetcatalog; path = Assets.xcassets; sourceTree = "<group>"; };
		636D06602A372F36002BE8A7 /* Base */ = {isa = PBXFileReference; lastKnownFileType = file.storyboard; name = Base; path = Base.lproj/LaunchScreen.storyboard; sourceTree = "<group>"; };
		636D06622A372F36002BE8A7 /* Info.plist */ = {isa = PBXFileReference; lastKnownFileType = text.plist.xml; path = Info.plist; sourceTree = "<group>"; };
		636D06672A372F36002BE8A7 /* TrendingMoviesTests.xctest */ = {isa = PBXFileReference; explicitFileType = wrapper.cfbundle; includeInIndex = 0; path = TrendingMoviesTests.xctest; sourceTree = BUILT_PRODUCTS_DIR; };
		636D066B2A372F36002BE8A7 /* TrendingMoviesTests.swift */ = {isa = PBXFileReference; lastKnownFileType = sourcecode.swift; path = TrendingMoviesTests.swift; sourceTree = "<group>"; };
		636D06712A372F36002BE8A7 /* TrendingMoviesUITests.xctest */ = {isa = PBXFileReference; explicitFileType = wrapper.cfbundle; includeInIndex = 0; path = TrendingMoviesUITests.xctest; sourceTree = BUILT_PRODUCTS_DIR; };
		636D06752A372F36002BE8A7 /* TrendingMoviesUITests.swift */ = {isa = PBXFileReference; lastKnownFileType = sourcecode.swift; path = TrendingMoviesUITests.swift; sourceTree = "<group>"; };
		636D06772A372F36002BE8A7 /* TrendingMoviesUITestsLaunchTests.swift */ = {isa = PBXFileReference; lastKnownFileType = sourcecode.swift; path = TrendingMoviesUITestsLaunchTests.swift; sourceTree = "<group>"; };
		636D06852A373088002BE8A7 /* MainViewController.swift */ = {isa = PBXFileReference; lastKnownFileType = sourcecode.swift; path = MainViewController.swift; sourceTree = "<group>"; };
		636D06862A373088002BE8A7 /* MainViewController.xib */ = {isa = PBXFileReference; lastKnownFileType = file.xib; path = MainViewController.xib; sourceTree = "<group>"; };
		636D06912A3740B8002BE8A7 /* MainViewController+TableView.swift */ = {isa = PBXFileReference; lastKnownFileType = sourcecode.swift; path = "MainViewController+TableView.swift"; sourceTree = "<group>"; };
		636D06932A3741DF002BE8A7 /* MainViewModel.swift */ = {isa = PBXFileReference; lastKnownFileType = sourcecode.swift; path = MainViewModel.swift; sourceTree = "<group>"; };
		636D06952A374638002BE8A7 /* NetworkConstants.swift */ = {isa = PBXFileReference; lastKnownFileType = sourcecode.swift; path = NetworkConstants.swift; sourceTree = "<group>"; };
		636D06972A37474B002BE8A7 /* APICaller.swift */ = {isa = PBXFileReference; lastKnownFileType = sourcecode.swift; path = APICaller.swift; sourceTree = "<group>"; };
		636D06992A37478D002BE8A7 /* MovieModel.swift */ = {isa = PBXFileReference; lastKnownFileType = sourcecode.swift; path = MovieModel.swift; sourceTree = "<group>"; };
		636D069B2A374EA7002BE8A7 /* Observable.swift */ = {isa = PBXFileReference; lastKnownFileType = sourcecode.swift; path = Observable.swift; sourceTree = SOURCE_ROOT; };
/* End PBXFileReference section */

/* Begin PBXFrameworksBuildPhase section */
		636D064E2A372F35002BE8A7 /* Frameworks */ = {
			isa = PBXFrameworksBuildPhase;
			buildActionMask = 2147483647;
			files = (
			);
			runOnlyForDeploymentPostprocessing = 0;
		};
		636D06642A372F36002BE8A7 /* Frameworks */ = {
			isa = PBXFrameworksBuildPhase;
			buildActionMask = 2147483647;
			files = (
			);
			runOnlyForDeploymentPostprocessing = 0;
		};
		636D066E2A372F36002BE8A7 /* Frameworks */ = {
			isa = PBXFrameworksBuildPhase;
			buildActionMask = 2147483647;
			files = (
			);
			runOnlyForDeploymentPostprocessing = 0;
		};
/* End PBXFrameworksBuildPhase section */

/* Begin PBXGroup section */
		636D06482A372F35002BE8A7 = {
			isa = PBXGroup;
			children = (
				636D06532A372F35002BE8A7 /* TrendingMovies */,
				636D066A2A372F36002BE8A7 /* TrendingMoviesTests */,
				636D06742A372F36002BE8A7 /* TrendingMoviesUITests */,
				636D06522A372F35002BE8A7 /* Products */,
			);
			sourceTree = "<group>";
		};
		636D06522A372F35002BE8A7 /* Products */ = {
			isa = PBXGroup;
			children = (
				636D06512A372F35002BE8A7 /* TrendingMovies.app */,
				636D06672A372F36002BE8A7 /* TrendingMoviesTests.xctest */,
				636D06712A372F36002BE8A7 /* TrendingMoviesUITests.xctest */,
			);
			name = Products;
			sourceTree = "<group>";
		};
		636D06532A372F35002BE8A7 /* TrendingMovies */ = {
			isa = PBXGroup;
			children = (
				636D06902A373401002BE8A7 /* Networking */,
				636D068F2A3733EF002BE8A7 /* Extensions */,
				636D068E2A3733E1002BE8A7 /* Resources */,
				636D068D2A3733DB002BE8A7 /* Classes */,
				636D068C2A3733B5002BE8A7 /* Model */,
				636D068B2A3733B0002BE8A7 /* Controllers */,
				636D068A2A3733A7002BE8A7 /* ViewModel */,
				636D06892A37339F002BE8A7 /* View */,
				636D06542A372F35002BE8A7 /* AppDelegate.swift */,
				636D06622A372F36002BE8A7 /* Info.plist */,
			);
			path = TrendingMovies;
			sourceTree = "<group>";
		};
		636D066A2A372F36002BE8A7 /* TrendingMoviesTests */ = {
			isa = PBXGroup;
			children = (
				636D066B2A372F36002BE8A7 /* TrendingMoviesTests.swift */,
			);
			path = TrendingMoviesTests;
			sourceTree = "<group>";
		};
		636D06742A372F36002BE8A7 /* TrendingMoviesUITests */ = {
			isa = PBXGroup;
			children = (
				636D06752A372F36002BE8A7 /* TrendingMoviesUITests.swift */,
				636D06772A372F36002BE8A7 /* TrendingMoviesUITestsLaunchTests.swift */,
			);
			path = TrendingMoviesUITests;
			sourceTree = "<group>";
		};
		636D06842A373056002BE8A7 /* MainViewController */ = {
			isa = PBXGroup;
			children = (
				636D06852A373088002BE8A7 /* MainViewController.swift */,
				636D06862A373088002BE8A7 /* MainViewController.xib */,
				636D06912A3740B8002BE8A7 /* MainViewController+TableView.swift */,
			);
			path = MainViewController;
			sourceTree = "<group>";
		};
		636D06892A37339F002BE8A7 /* View */ = {
			isa = PBXGroup;
			children = (
				636D065F2A372F36002BE8A7 /* LaunchScreen.storyboard */,
			);
			path = View;
			sourceTree = "<group>";
		};
		636D068A2A3733A7002BE8A7 /* ViewModel */ = {
			isa = PBXGroup;
			children = (
				636D06932A3741DF002BE8A7 /* MainViewModel.swift */,
			);
			path = ViewModel;
			sourceTree = "<group>";
		};
		636D068B2A3733B0002BE8A7 /* Controllers */ = {
			isa = PBXGroup;
			children = (
				636D06842A373056002BE8A7 /* MainViewController */,
			);
			path = Controllers;
			sourceTree = "<group>";
		};
		636D068C2A3733B5002BE8A7 /* Model */ = {
			isa = PBXGroup;
			children = (
				636D06992A37478D002BE8A7 /* MovieModel.swift */,
			);
			path = Model;
			sourceTree = "<group>";
		};
		636D068D2A3733DB002BE8A7 /* Classes */ = {
			isa = PBXGroup;
			children = (
				636D069B2A374EA7002BE8A7 /* Observable.swift */,
			);
			path = Classes;
			sourceTree = "<group>";
		};
		636D068E2A3733E1002BE8A7 /* Resources */ = {
			isa = PBXGroup;
			children = (
				636D065D2A372F36002BE8A7 /* Assets.xcassets */,
			);
			path = Resources;
			sourceTree = "<group>";
		};
		636D068F2A3733EF002BE8A7 /* Extensions */ = {
			isa = PBXGroup;
			children = (
			);
			path = Extensions;
			sourceTree = "<group>";
		};
		636D06902A373401002BE8A7 /* Networking */ = {
			isa = PBXGroup;
			children = (
				636D06952A374638002BE8A7 /* NetworkConstants.swift */,
				636D06972A37474B002BE8A7 /* APICaller.swift */,
			);
			path = Networking;
			sourceTree = "<group>";
		};
/* End PBXGroup section */

/* Begin PBXNativeTarget section */
		636D06502A372F35002BE8A7 /* TrendingMovies */ = {
			isa = PBXNativeTarget;
			buildConfigurationList = 636D067B2A372F36002BE8A7 /* Build configuration list for PBXNativeTarget "TrendingMovies" */;
			buildPhases = (
				636D064D2A372F35002BE8A7 /* Sources */,
				636D064E2A372F35002BE8A7 /* Frameworks */,
				636D064F2A372F35002BE8A7 /* Resources */,
			);
			buildRules = (
			);
			dependencies = (
			);
			name = TrendingMovies;
			productName = TrendingMovies;
			productReference = 636D06512A372F35002BE8A7 /* TrendingMovies.app */;
			productType = "com.apple.product-type.application";
		};
		636D06662A372F36002BE8A7 /* TrendingMoviesTests */ = {
			isa = PBXNativeTarget;
			buildConfigurationList = 636D067E2A372F36002BE8A7 /* Build configuration list for PBXNativeTarget "TrendingMoviesTests" */;
			buildPhases = (
				636D06632A372F36002BE8A7 /* Sources */,
				636D06642A372F36002BE8A7 /* Frameworks */,
				636D06652A372F36002BE8A7 /* Resources */,
			);
			buildRules = (
			);
			dependencies = (
				636D06692A372F36002BE8A7 /* PBXTargetDependency */,
			);
			name = TrendingMoviesTests;
			productName = TrendingMoviesTests;
			productReference = 636D06672A372F36002BE8A7 /* TrendingMoviesTests.xctest */;
			productType = "com.apple.product-type.bundle.unit-test";
		};
		636D06702A372F36002BE8A7 /* TrendingMoviesUITests */ = {
			isa = PBXNativeTarget;
			buildConfigurationList = 636D06812A372F36002BE8A7 /* Build configuration list for PBXNativeTarget "TrendingMoviesUITests" */;
			buildPhases = (
				636D066D2A372F36002BE8A7 /* Sources */,
				636D066E2A372F36002BE8A7 /* Frameworks */,
				636D066F2A372F36002BE8A7 /* Resources */,
			);
			buildRules = (
			);
			dependencies = (
				636D06732A372F36002BE8A7 /* PBXTargetDependency */,
			);
			name = TrendingMoviesUITests;
			productName = TrendingMoviesUITests;
			productReference = 636D06712A372F36002BE8A7 /* TrendingMoviesUITests.xctest */;
			productType = "com.apple.product-type.bundle.ui-testing";
		};
/* End PBXNativeTarget section */

/* Begin PBXProject section */
		636D06492A372F35002BE8A7 /* Project object */ = {
			isa = PBXProject;
			attributes = {
				BuildIndependentTargetsInParallel = 1;
				LastSwiftUpdateCheck = 1430;
				LastUpgradeCheck = 1430;
				TargetAttributes = {
					636D06502A372F35002BE8A7 = {
						CreatedOnToolsVersion = 14.3.1;
					};
					636D06662A372F36002BE8A7 = {
						CreatedOnToolsVersion = 14.3.1;
						TestTargetID = 636D06502A372F35002BE8A7;
					};
					636D06702A372F36002BE8A7 = {
						CreatedOnToolsVersion = 14.3.1;
						TestTargetID = 636D06502A372F35002BE8A7;
					};
				};
			};
			buildConfigurationList = 636D064C2A372F35002BE8A7 /* Build configuration list for PBXProject "TrendingMovies" */;
			compatibilityVersion = "Xcode 14.0";
			developmentRegion = en;
			hasScannedForEncodings = 0;
			knownRegions = (
				en,
				Base,
			);
			mainGroup = 636D06482A372F35002BE8A7;
			productRefGroup = 636D06522A372F35002BE8A7 /* Products */;
			projectDirPath = "";
			projectRoot = "";
			targets = (
				636D06502A372F35002BE8A7 /* TrendingMovies */,
				636D06662A372F36002BE8A7 /* TrendingMoviesTests */,
				636D06702A372F36002BE8A7 /* TrendingMoviesUITests */,
			);
		};
/* End PBXProject section */

/* Begin PBXResourcesBuildPhase section */
		636D064F2A372F35002BE8A7 /* Resources */ = {
			isa = PBXResourcesBuildPhase;
			buildActionMask = 2147483647;
			files = (
				636D06612A372F36002BE8A7 /* LaunchScreen.storyboard in Resources */,
				636D06882A373088002BE8A7 /* MainViewController.xib in Resources */,
				636D065E2A372F36002BE8A7 /* Assets.xcassets in Resources */,
			);
			runOnlyForDeploymentPostprocessing = 0;
		};
		636D06652A372F36002BE8A7 /* Resources */ = {
			isa = PBXResourcesBuildPhase;
			buildActionMask = 2147483647;
			files = (
			);
			runOnlyForDeploymentPostprocessing = 0;
		};
		636D066F2A372F36002BE8A7 /* Resources */ = {
			isa = PBXResourcesBuildPhase;
			buildActionMask = 2147483647;
			files = (
			);
			runOnlyForDeploymentPostprocessing = 0;
		};
/* End PBXResourcesBuildPhase section */

/* Begin PBXSourcesBuildPhase section */
		636D064D2A372F35002BE8A7 /* Sources */ = {
			isa = PBXSourcesBuildPhase;
			buildActionMask = 2147483647;
			files = (
				636D069C2A374EA7002BE8A7 /* Observable.swift in Sources */,
				636D069A2A37478D002BE8A7 /* MovieModel.swift in Sources */,
				636D06552A372F35002BE8A7 /* AppDelegate.swift in Sources */,
				636D06982A37474B002BE8A7 /* APICaller.swift in Sources */,
				636D06922A3740B8002BE8A7 /* MainViewController+TableView.swift in Sources */,
				636D06962A374638002BE8A7 /* NetworkConstants.swift in Sources */,
				636D06872A373088002BE8A7 /* MainViewController.swift in Sources */,
				636D06942A3741DF002BE8A7 /* MainViewModel.swift in Sources */,
			);
			runOnlyForDeploymentPostprocessing = 0;
		};
		636D06632A372F36002BE8A7 /* Sources */ = {
			isa = PBXSourcesBuildPhase;
			buildActionMask = 2147483647;
			files = (
				636D066C2A372F36002BE8A7 /* TrendingMoviesTests.swift in Sources */,
			);
			runOnlyForDeploymentPostprocessing = 0;
		};
		636D066D2A372F36002BE8A7 /* Sources */ = {
			isa = PBXSourcesBuildPhase;
			buildActionMask = 2147483647;
			files = (
				636D06782A372F36002BE8A7 /* TrendingMoviesUITestsLaunchTests.swift in Sources */,
				636D06762A372F36002BE8A7 /* TrendingMoviesUITests.swift in Sources */,
			);
			runOnlyForDeploymentPostprocessing = 0;
		};
/* End PBXSourcesBuildPhase section */

/* Begin PBXTargetDependency section */
		636D06692A372F36002BE8A7 /* PBXTargetDependency */ = {
			isa = PBXTargetDependency;
			target = 636D06502A372F35002BE8A7 /* TrendingMovies */;
			targetProxy = 636D06682A372F36002BE8A7 /* PBXContainerItemProxy */;
		};
		636D06732A372F36002BE8A7 /* PBXTargetDependency */ = {
			isa = PBXTargetDependency;
			target = 636D06502A372F35002BE8A7 /* TrendingMovies */;
			targetProxy = 636D06722A372F36002BE8A7 /* PBXContainerItemProxy */;
		};
/* End PBXTargetDependency section */

/* Begin PBXVariantGroup section */
		636D065F2A372F36002BE8A7 /* LaunchScreen.storyboard */ = {
			isa = PBXVariantGroup;
			children = (
				636D06602A372F36002BE8A7 /* Base */,
			);
			name = LaunchScreen.storyboard;
			sourceTree = "<group>";
		};
/* End PBXVariantGroup section */

/* Begin XCBuildConfiguration section */
		636D06792A372F36002BE8A7 /* Debug */ = {
			isa = XCBuildConfiguration;
			buildSettings = {
				ALWAYS_SEARCH_USER_PATHS = NO;
				CLANG_ANALYZER_NONNULL = YES;
				CLANG_ANALYZER_NUMBER_OBJECT_CONVERSION = YES_AGGRESSIVE;
				CLANG_CXX_LANGUAGE_STANDARD = "gnu++20";
				CLANG_ENABLE_MODULES = YES;
				CLANG_ENABLE_OBJC_ARC = YES;
				CLANG_ENABLE_OBJC_WEAK = YES;
				CLANG_WARN_BLOCK_CAPTURE_AUTORELEASING = YES;
				CLANG_WARN_BOOL_CONVERSION = YES;
				CLANG_WARN_COMMA = YES;
				CLANG_WARN_CONSTANT_CONVERSION = YES;
				CLANG_WARN_DEPRECATED_OBJC_IMPLEMENTATIONS = YES;
				CLANG_WARN_DIRECT_OBJC_ISA_USAGE = YES_ERROR;
				CLANG_WARN_DOCUMENTATION_COMMENTS = YES;
				CLANG_WARN_EMPTY_BODY = YES;
				CLANG_WARN_ENUM_CONVERSION = YES;
				CLANG_WARN_INFINITE_RECURSION = YES;
				CLANG_WARN_INT_CONVERSION = YES;
				CLANG_WARN_NON_LITERAL_NULL_CONVERSION = YES;
				CLANG_WARN_OBJC_IMPLICIT_RETAIN_SELF = YES;
				CLANG_WARN_OBJC_LITERAL_CONVERSION = YES;
				CLANG_WARN_OBJC_ROOT_CLASS = YES_ERROR;
				CLANG_WARN_QUOTED_INCLUDE_IN_FRAMEWORK_HEADER = YES;
				CLANG_WARN_RANGE_LOOP_ANALYSIS = YES;
				CLANG_WARN_STRICT_PROTOTYPES = YES;
				CLANG_WARN_SUSPICIOUS_MOVE = YES;
				CLANG_WARN_UNGUARDED_AVAILABILITY = YES_AGGRESSIVE;
				CLANG_WARN_UNREACHABLE_CODE = YES;
				CLANG_WARN__DUPLICATE_METHOD_MATCH = YES;
				COPY_PHASE_STRIP = NO;
				DEBUG_INFORMATION_FORMAT = dwarf;
				ENABLE_STRICT_OBJC_MSGSEND = YES;
				ENABLE_TESTABILITY = YES;
				GCC_C_LANGUAGE_STANDARD = gnu11;
				GCC_DYNAMIC_NO_PIC = NO;
				GCC_NO_COMMON_BLOCKS = YES;
				GCC_OPTIMIZATION_LEVEL = 0;
				GCC_PREPROCESSOR_DEFINITIONS = (
					"DEBUG=1",
					"$(inherited)",
				);
				GCC_WARN_64_TO_32_BIT_CONVERSION = YES;
				GCC_WARN_ABOUT_RETURN_TYPE = YES_ERROR;
				GCC_WARN_UNDECLARED_SELECTOR = YES;
				GCC_WARN_UNINITIALIZED_AUTOS = YES_AGGRESSIVE;
				GCC_WARN_UNUSED_FUNCTION = YES;
				GCC_WARN_UNUSED_VARIABLE = YES;
				IPHONEOS_DEPLOYMENT_TARGET = 16.4;
				MTL_ENABLE_DEBUG_INFO = INCLUDE_SOURCE;
				MTL_FAST_MATH = YES;
				ONLY_ACTIVE_ARCH = YES;
				SDKROOT = iphoneos;
				SWIFT_ACTIVE_COMPILATION_CONDITIONS = DEBUG;
				SWIFT_OPTIMIZATION_LEVEL = "-Onone";
			};
			name = Debug;
		};
		636D067A2A372F36002BE8A7 /* Release */ = {
			isa = XCBuildConfiguration;
			buildSettings = {
				ALWAYS_SEARCH_USER_PATHS = NO;
				CLANG_ANALYZER_NONNULL = YES;
				CLANG_ANALYZER_NUMBER_OBJECT_CONVERSION = YES_AGGRESSIVE;
				CLANG_CXX_LANGUAGE_STANDARD = "gnu++20";
				CLANG_ENABLE_MODULES = YES;
				CLANG_ENABLE_OBJC_ARC = YES;
				CLANG_ENABLE_OBJC_WEAK = YES;
				CLANG_WARN_BLOCK_CAPTURE_AUTORELEASING = YES;
				CLANG_WARN_BOOL_CONVERSION = YES;
				CLANG_WARN_COMMA = YES;
				CLANG_WARN_CONSTANT_CONVERSION = YES;
				CLANG_WARN_DEPRECATED_OBJC_IMPLEMENTATIONS = YES;
				CLANG_WARN_DIRECT_OBJC_ISA_USAGE = YES_ERROR;
				CLANG_WARN_DOCUMENTATION_COMMENTS = YES;
				CLANG_WARN_EMPTY_BODY = YES;
				CLANG_WARN_ENUM_CONVERSION = YES;
				CLANG_WARN_INFINITE_RECURSION = YES;
				CLANG_WARN_INT_CONVERSION = YES;
				CLANG_WARN_NON_LITERAL_NULL_CONVERSION = YES;
				CLANG_WARN_OBJC_IMPLICIT_RETAIN_SELF = YES;
				CLANG_WARN_OBJC_LITERAL_CONVERSION = YES;
				CLANG_WARN_OBJC_ROOT_CLASS = YES_ERROR;
				CLANG_WARN_QUOTED_INCLUDE_IN_FRAMEWORK_HEADER = YES;
				CLANG_WARN_RANGE_LOOP_ANALYSIS = YES;
				CLANG_WARN_STRICT_PROTOTYPES = YES;
				CLANG_WARN_SUSPICIOUS_MOVE = YES;
				CLANG_WARN_UNGUARDED_AVAILABILITY = YES_AGGRESSIVE;
				CLANG_WARN_UNREACHABLE_CODE = YES;
				CLANG_WARN__DUPLICATE_METHOD_MATCH = YES;
				COPY_PHASE_STRIP = NO;
				DEBUG_INFORMATION_FORMAT = "dwarf-with-dsym";
				ENABLE_NS_ASSERTIONS = NO;
				ENABLE_STRICT_OBJC_MSGSEND = YES;
				GCC_C_LANGUAGE_STANDARD = gnu11;
				GCC_NO_COMMON_BLOCKS = YES;
				GCC_WARN_64_TO_32_BIT_CONVERSION = YES;
				GCC_WARN_ABOUT_RETURN_TYPE = YES_ERROR;
				GCC_WARN_UNDECLARED_SELECTOR = YES;
				GCC_WARN_UNINITIALIZED_AUTOS = YES_AGGRESSIVE;
				GCC_WARN_UNUSED_FUNCTION = YES;
				GCC_WARN_UNUSED_VARIABLE = YES;
				IPHONEOS_DEPLOYMENT_TARGET = 16.4;
				MTL_ENABLE_DEBUG_INFO = NO;
				MTL_FAST_MATH = YES;
				SDKROOT = iphoneos;
				SWIFT_COMPILATION_MODE = wholemodule;
				SWIFT_OPTIMIZATION_LEVEL = "-O";
				VALIDATE_PRODUCT = YES;
			};
			name = Release;
		};
		636D067C2A372F36002BE8A7 /* Debug */ = {
			isa = XCBuildConfiguration;
			buildSettings = {
				ASSETCATALOG_COMPILER_APPICON_NAME = AppIcon;
				ASSETCATALOG_COMPILER_GLOBAL_ACCENT_COLOR_NAME = AccentColor;
				CODE_SIGN_STYLE = Automatic;
				CURRENT_PROJECT_VERSION = 1;
				DEVELOPMENT_TEAM = 637FC6BUKX;
				GENERATE_INFOPLIST_FILE = YES;
				INFOPLIST_FILE = TrendingMovies/Info.plist;
				INFOPLIST_KEY_UIApplicationSupportsIndirectInputEvents = YES;
				INFOPLIST_KEY_UILaunchStoryboardName = LaunchScreen;
				INFOPLIST_KEY_UIMainStoryboardFile = "";
				INFOPLIST_KEY_UIStatusBarStyle = "";
				INFOPLIST_KEY_UISupportedInterfaceOrientations_iPad = "UIInterfaceOrientationPortrait UIInterfaceOrientationPortraitUpsideDown UIInterfaceOrientationLandscapeLeft UIInterfaceOrientationLandscapeRight";
				INFOPLIST_KEY_UISupportedInterfaceOrientations_iPhone = "UIInterfaceOrientationPortrait UIInterfaceOrientationLandscapeLeft UIInterfaceOrientationLandscapeRight";
				LD_RUNPATH_SEARCH_PATHS = (
					"$(inherited)",
					"@executable_path/Frameworks",
				);
				MARKETING_VERSION = 1.0;
				PRODUCT_BUNDLE_IDENTIFIER = com.ekenozlu.TrendingMovies;
				PRODUCT_NAME = "$(TARGET_NAME)";
				SWIFT_EMIT_LOC_STRINGS = YES;
				SWIFT_VERSION = 5.0;
				TARGETED_DEVICE_FAMILY = "1,2";
			};
			name = Debug;
		};
		636D067D2A372F36002BE8A7 /* Release */ = {
			isa = XCBuildConfiguration;
			buildSettings = {
				ASSETCATALOG_COMPILER_APPICON_NAME = AppIcon;
				ASSETCATALOG_COMPILER_GLOBAL_ACCENT_COLOR_NAME = AccentColor;
				CODE_SIGN_STYLE = Automatic;
				CURRENT_PROJECT_VERSION = 1;
				DEVELOPMENT_TEAM = 637FC6BUKX;
				GENERATE_INFOPLIST_FILE = YES;
				INFOPLIST_FILE = TrendingMovies/Info.plist;
				INFOPLIST_KEY_UIApplicationSupportsIndirectInputEvents = YES;
				INFOPLIST_KEY_UILaunchStoryboardName = LaunchScreen;
				INFOPLIST_KEY_UIMainStoryboardFile = "";
				INFOPLIST_KEY_UIStatusBarStyle = "";
				INFOPLIST_KEY_UISupportedInterfaceOrientations_iPad = "UIInterfaceOrientationPortrait UIInterfaceOrientationPortraitUpsideDown UIInterfaceOrientationLandscapeLeft UIInterfaceOrientationLandscapeRight";
				INFOPLIST_KEY_UISupportedInterfaceOrientations_iPhone = "UIInterfaceOrientationPortrait UIInterfaceOrientationLandscapeLeft UIInterfaceOrientationLandscapeRight";
				LD_RUNPATH_SEARCH_PATHS = (
					"$(inherited)",
					"@executable_path/Frameworks",
				);
				MARKETING_VERSION = 1.0;
				PRODUCT_BUNDLE_IDENTIFIER = com.ekenozlu.TrendingMovies;
				PRODUCT_NAME = "$(TARGET_NAME)";
				SWIFT_EMIT_LOC_STRINGS = YES;
				SWIFT_VERSION = 5.0;
				TARGETED_DEVICE_FAMILY = "1,2";
			};
			name = Release;
		};
		636D067F2A372F36002BE8A7 /* Debug */ = {
			isa = XCBuildConfiguration;
			buildSettings = {
				ALWAYS_EMBED_SWIFT_STANDARD_LIBRARIES = YES;
				BUNDLE_LOADER = "$(TEST_HOST)";
				CODE_SIGN_STYLE = Automatic;
				CURRENT_PROJECT_VERSION = 1;
				DEVELOPMENT_TEAM = 637FC6BUKX;
				GENERATE_INFOPLIST_FILE = YES;
				IPHONEOS_DEPLOYMENT_TARGET = 16.4;
				MARKETING_VERSION = 1.0;
				PRODUCT_BUNDLE_IDENTIFIER = com.ekenozlu.TrendingMoviesTests;
				PRODUCT_NAME = "$(TARGET_NAME)";
				SWIFT_EMIT_LOC_STRINGS = NO;
				SWIFT_VERSION = 5.0;
				TARGETED_DEVICE_FAMILY = "1,2";
				TEST_HOST = "$(BUILT_PRODUCTS_DIR)/TrendingMovies.app/$(BUNDLE_EXECUTABLE_FOLDER_PATH)/TrendingMovies";
			};
			name = Debug;
		};
		636D06802A372F36002BE8A7 /* Release */ = {
			isa = XCBuildConfiguration;
			buildSettings = {
				ALWAYS_EMBED_SWIFT_STANDARD_LIBRARIES = YES;
				BUNDLE_LOADER = "$(TEST_HOST)";
				CODE_SIGN_STYLE = Automatic;
				CURRENT_PROJECT_VERSION = 1;
				DEVELOPMENT_TEAM = 637FC6BUKX;
				GENERATE_INFOPLIST_FILE = YES;
				IPHONEOS_DEPLOYMENT_TARGET = 16.4;
				MARKETING_VERSION = 1.0;
				PRODUCT_BUNDLE_IDENTIFIER = com.ekenozlu.TrendingMoviesTests;
				PRODUCT_NAME = "$(TARGET_NAME)";
				SWIFT_EMIT_LOC_STRINGS = NO;
				SWIFT_VERSION = 5.0;
				TARGETED_DEVICE_FAMILY = "1,2";
				TEST_HOST = "$(BUILT_PRODUCTS_DIR)/TrendingMovies.app/$(BUNDLE_EXECUTABLE_FOLDER_PATH)/TrendingMovies";
			};
			name = Release;
		};
		636D06822A372F36002BE8A7 /* Debug */ = {
			isa = XCBuildConfiguration;
			buildSettings = {
				ALWAYS_EMBED_SWIFT_STANDARD_LIBRARIES = YES;
				CODE_SIGN_STYLE = Automatic;
				CURRENT_PROJECT_VERSION = 1;
				DEVELOPMENT_TEAM = 637FC6BUKX;
				GENERATE_INFOPLIST_FILE = YES;
				MARKETING_VERSION = 1.0;
				PRODUCT_BUNDLE_IDENTIFIER = com.ekenozlu.TrendingMoviesUITests;
				PRODUCT_NAME = "$(TARGET_NAME)";
				SWIFT_EMIT_LOC_STRINGS = NO;
				SWIFT_VERSION = 5.0;
				TARGETED_DEVICE_FAMILY = "1,2";
				TEST_TARGET_NAME = TrendingMovies;
			};
			name = Debug;
		};
		636D06832A372F36002BE8A7 /* Release */ = {
			isa = XCBuildConfiguration;
			buildSettings = {
				ALWAYS_EMBED_SWIFT_STANDARD_LIBRARIES = YES;
				CODE_SIGN_STYLE = Automatic;
				CURRENT_PROJECT_VERSION = 1;
				DEVELOPMENT_TEAM = 637FC6BUKX;
				GENERATE_INFOPLIST_FILE = YES;
				MARKETING_VERSION = 1.0;
				PRODUCT_BUNDLE_IDENTIFIER = com.ekenozlu.TrendingMoviesUITests;
				PRODUCT_NAME = "$(TARGET_NAME)";
				SWIFT_EMIT_LOC_STRINGS = NO;
				SWIFT_VERSION = 5.0;
				TARGETED_DEVICE_FAMILY = "1,2";
				TEST_TARGET_NAME = TrendingMovies;
			};
			name = Release;
		};
/* End XCBuildConfiguration section */

/* Begin XCConfigurationList section */
		636D064C2A372F35002BE8A7 /* Build configuration list for PBXProject "TrendingMovies" */ = {
			isa = XCConfigurationList;
			buildConfigurations = (
				636D06792A372F36002BE8A7 /* Debug */,
				636D067A2A372F36002BE8A7 /* Release */,
			);
			defaultConfigurationIsVisible = 0;
			defaultConfigurationName = Release;
		};
		636D067B2A372F36002BE8A7 /* Build configuration list for PBXNativeTarget "TrendingMovies" */ = {
			isa = XCConfigurationList;
			buildConfigurations = (
				636D067C2A372F36002BE8A7 /* Debug */,
				636D067D2A372F36002BE8A7 /* Release */,
			);
			defaultConfigurationIsVisible = 0;
			defaultConfigurationName = Release;
		};
		636D067E2A372F36002BE8A7 /* Build configuration list for PBXNativeTarget "TrendingMoviesTests" */ = {
			isa = XCConfigurationList;
			buildConfigurations = (
				636D067F2A372F36002BE8A7 /* Debug */,
				636D06802A372F36002BE8A7 /* Release */,
			);
			defaultConfigurationIsVisible = 0;
			defaultConfigurationName = Release;
		};
		636D06812A372F36002BE8A7 /* Build configuration list for PBXNativeTarget "TrendingMoviesUITests" */ = {
			isa = XCConfigurationList;
			buildConfigurations = (
				636D06822A372F36002BE8A7 /* Debug */,
				636D06832A372F36002BE8A7 /* Release */,
			);
			defaultConfigurationIsVisible = 0;
			defaultConfigurationName = Release;
		};
/* End XCConfigurationList section */
	};
	rootObject = 636D06492A372F35002BE8A7 /* Project object */;
}
